Microsoft Visual Studio Solution File, Format Version 12.00
# Visual Studio Version 17
VisualStudioVersion = 17.5.2.0
MinimumVisualStudioVersion = 10.0.40219.1
Project("{FAE04EC0-301F-11D3-BF4B-00C04F79EFBC}") = "TestWeb", "TestWeb\TestWeb.csproj", "{2190D1B0-1102-1B91-F23D-A0D881181C94}"
EndProject
Project("{FAE04EC0-301F-11D3-BF4B-00C04F79EFBC}") = "TestWebSite", "TestWebSite\TestWebSite.csproj", "{65E4A419-89A7-EC03-9D08-5665DB645D92}"
EndProject
Global
	GlobalSection(SolutionConfigurationPlatforms) = preSolution
		Debug|Any CPU = Debug|Any CPU
		Release|Any CPU = Release|Any CPU
	EndGlobalSection
	GlobalSection(ProjectConfigurationPlatforms) = postSolution
		{2190D1B0-1102-1B91-F23D-A0D881181C94}.Debug|Any CPU.ActiveCfg = Debug|Any CPU
		{2190D1B0-1102-1B91-F23D-A0D881181C94}.Debug|Any CPU.Build.0 = Debug|Any CPU
		{2190D1B0-1102-1B91-F23D-A0D881181C94}.Release|Any CPU.ActiveCfg = Release|Any CPU
		{2190D1B0-1102-1B91-F23D-A0D881181C94}.Release|Any CPU.Build.0 = Release|Any CPU
		{65E4A419-89A7-EC03-9D08-5665DB645D92}.Debug|Any CPU.ActiveCfg = Debug|Any CPU
		{65E4A419-89A7-EC03-9D08-5665DB645D92}.Debug|Any CPU.Build.0 = Debug|Any CPU
		{65E4A419-89A7-EC03-9D08-5665DB645D92}.Release|Any CPU.ActiveCfg = Release|Any CPU
		{65E4A419-89A7-EC03-9D08-5665DB645D92}.Release|Any CPU.Build.0 = Release|Any CPU
	EndGlobalSection
	GlobalSection(SolutionProperties) = preSolution
		HideSolutionNode = FALSE
	EndGlobalSection
	GlobalSection(ExtensibilityGlobals) = postSolution
		SolutionGuid = {DEBB90EF-83C8-4D33-B537-A64657D6F29D}
	EndGlobalSection
EndGlobal
